
Microsoft Visual Studio Solution File, Format Version 12.00
# Visual Studio Version 16
VisualStudioVersion = 16.0.31729.503
MinimumVisualStudioVersion = 10.0.40219.1
Project("{888888A0-9F3D-457C-B088-3A5042F75D52}") = "tra", "tra\tra.pyproj", "{DEC8C37B-014B-4F2A-B80F-F7DC3855045C}"
EndProject
Global
	GlobalSection(SolutionConfigurationPlatforms) = preSolution
		Debug|Any CPU = Debug|Any CPU
		Release|Any CPU = Release|Any CPU
	EndGlobalSection
	GlobalSection(ProjectConfigurationPlatforms) = postSolution
		{DEC8C37B-014B-4F2A-B80F-F7DC3855045C}.Debug|Any CPU.ActiveCfg = Debug|Any CPU
		{DEC8C37B-014B-4F2A-B80F-F7DC3855045C}.Release|Any CPU.ActiveCfg = Release|Any CPU
	EndGlobalSection
	GlobalSection(SolutionProperties) = preSolution
		HideSolutionNode = FALSE
	EndGlobalSection
	GlobalSection(ExtensibilityGlobals) = postSolution
		SolutionGuid = {CAF57611-7AB2-4A19-9DAD-7EC0755F3ECD}
	EndGlobalSection
EndGlobal
